PODS:
  - MisterFusion (1.4.0)
  - SAInboxViewController (0.6.0):
    - MisterFusion (~> 1.4.0)

DEPENDENCIES:
  - SAInboxViewController (from `../`)

EXTERNAL SOURCES:
  SAInboxViewController:
    :path: "../"

SPEC CHECKSUMS:
  MisterFusion: ccb69d87569a4acaabda051d3c8db7ab4be2d5db
  SAInboxViewController: e468cd00df9f8d85d529ffeec5f13a3d255a6a3c

PODFILE CHECKSUM: a1ce94f9632c45a57a30a20858781bd1b35a7147

COCOAPODS: 1.1.0.rc.2
